
Microsoft Visual Studio Solution File, Format Version 12.00
# Visual Studio 15
VisualStudioVersion = 15.0.28010.2026
MinimumVisualStudioVersion = 10.0.40219.1
Project("{FAE04EC0-301F-11D3-BF4B-00C04F79EFBC}") = "Proba", "Proba\Proba.csproj", "{EC5B96E4-5375-4CB4-AE85-82A9CA620C70}"
EndProject
Global
	GlobalSection(SolutionConfigurationPlatforms) = preSolution
		Debug|Any CPU = Debug|Any CPU
		Release|Any CPU = Release|Any CPU
	EndGlobalSection
	GlobalSection(ProjectConfigurationPlatforms) = postSolution
		{EC5B96E4-5375-4CB4-AE85-82A9CA620C70}.Debug|Any CPU.ActiveCfg = Debug|Any CPU
		{EC5B96E4-5375-4CB4-AE85-82A9CA620C70}.Debug|Any CPU.Build.0 = Debug|Any CPU
		{EC5B96E4-5375-4CB4-AE85-82A9CA620C70}.Release|Any CPU.ActiveCfg = Release|Any CPU
		{EC5B96E4-5375-4CB4-AE85-82A9CA620C70}.Release|Any CPU.Build.0 = Release|Any CPU
	EndGlobalSection
	GlobalSection(SolutionProperties) = preSolution
		HideSolutionNode = FALSE
	EndGlobalSection
	GlobalSection(ExtensibilityGlobals) = postSolution
		SolutionGuid = {7EA5C5AB-2D98-4605-965B-CC588737F224}
	EndGlobalSection
EndGlobal
